
Microsoft Visual Studio Solution File, Format Version 12.00
# Visual Studio 15
VisualStudioVersion = 15.0.26124.0
MinimumVisualStudioVersion = 15.0.26124.0
Project("{FAE04EC0-301F-11D3-BF4B-00C04F79EFBC}") = "Domain", "Domain\Domain.csproj", "{49EFBE20-AD61-43F0-A8EB-4D4404C045F8}"
EndProject
Project("{FAE04EC0-301F-11D3-BF4B-00C04F79EFBC}") = "Application", "Application\Application.csproj", "{0DA212A1-EA15-435C-8BC8-ED27E2CF206D}"
EndProject
Project("{FAE04EC0-301F-11D3-BF4B-00C04F79EFBC}") = "Persistence", "Persistence\Persistence.csproj", "{1B21551D-B6D8-4787-BF7F-7F49CE22DEE4}"
EndProject
Project("{FAE04EC0-301F-11D3-BF4B-00C04F79EFBC}") = "API", "API\API.csproj", "{E36E69FA-50F7-4335-A3A4-EB96F6E9EDFF}"
EndProject
Global
	GlobalSection(SolutionConfigurationPlatforms) = preSolution
		Debug|Any CPU = Debug|Any CPU
		Debug|x64 = Debug|x64
		Debug|x86 = Debug|x86
		Release|Any CPU = Release|Any CPU
		Release|x64 = Release|x64
		Release|x86 = Release|x86
	EndGlobalSection
	GlobalSection(SolutionProperties) = preSolution
		HideSolutionNode = FALSE
	EndGlobalSection
	GlobalSection(ProjectConfigurationPlatforms) = postSolution
		{49EFBE20-AD61-43F0-A8EB-4D4404C045F8}.Debug|Any CPU.ActiveCfg = Debug|Any CPU
		{49EFBE20-AD61-43F0-A8EB-4D4404C045F8}.Debug|Any CPU.Build.0 = Debug|Any CPU
		{49EFBE20-AD61-43F0-A8EB-4D4404C045F8}.Debug|x64.ActiveCfg = Debug|Any CPU
		{49EFBE20-AD61-43F0-A8EB-4D4404C045F8}.Debug|x64.Build.0 = Debug|Any CPU
		{49EFBE20-AD61-43F0-A8EB-4D4404C045F8}.Debug|x86.ActiveCfg = Debug|Any CPU
		{49EFBE20-AD61-43F0-A8EB-4D4404C045F8}.Debug|x86.Build.0 = Debug|Any CPU
		{49EFBE20-AD61-43F0-A8EB-4D4404C045F8}.Release|Any CPU.ActiveCfg = Release|Any CPU
		{49EFBE20-AD61-43F0-A8EB-4D4404C045F8}.Release|Any CPU.Build.0 = Release|Any CPU
		{49EFBE20-AD61-43F0-A8EB-4D4404C045F8}.Release|x64.ActiveCfg = Release|Any CPU
		{49EFBE20-AD61-43F0-A8EB-4D4404C045F8}.Release|x64.Build.0 = Release|Any CPU
		{49EFBE20-AD61-43F0-A8EB-4D4404C045F8}.Release|x86.ActiveCfg = Release|Any CPU
		{49EFBE20-AD61-43F0-A8EB-4D4404C045F8}.Release|x86.Build.0 = Release|Any CPU
		{0DA212A1-EA15-435C-8BC8-ED27E2CF206D}.Debug|Any CPU.ActiveCfg = Debug|Any CPU
		{0DA212A1-EA15-435C-8BC8-ED27E2CF206D}.Debug|Any CPU.Build.0 = Debug|Any CPU
		{0DA212A1-EA15-435C-8BC8-ED27E2CF206D}.Debug|x64.ActiveCfg = Debug|Any CPU
		{0DA212A1-EA15-435C-8BC8-ED27E2CF206D}.Debug|x64.Build.0 = Debug|Any CPU
		{0DA212A1-EA15-435C-8BC8-ED27E2CF206D}.Debug|x86.ActiveCfg = Debug|Any CPU
		{0DA212A1-EA15-435C-8BC8-ED27E2CF206D}.Debug|x86.Build.0 = Debug|Any CPU
		{0DA212A1-EA15-435C-8BC8-ED27E2CF206D}.Release|Any CPU.ActiveCfg = Release|Any CPU
		{0DA212A1-EA15-435C-8BC8-ED27E2CF206D}.Release|Any CPU.Build.0 = Release|Any CPU
		{0DA212A1-EA15-435C-8BC8-ED27E2CF206D}.Release|x64.ActiveCfg = Release|Any CPU
		{0DA212A1-EA15-435C-8BC8-ED27E2CF206D}.Release|x64.Build.0 = Release|Any CPU
		{0DA212A1-EA15-435C-8BC8-ED27E2CF206D}.Release|x86.ActiveCfg = Release|Any CPU
		{0DA212A1-EA15-435C-8BC8-ED27E2CF206D}.Release|x86.Build.0 = Release|Any CPU
		{1B21551D-B6D8-4787-BF7F-7F49CE22DEE4}.Debug|Any CPU.ActiveCfg = Debug|Any CPU
		{1B21551D-B6D8-4787-BF7F-7F49CE22DEE4}.Debug|Any CPU.Build.0 = Debug|Any CPU
		{1B21551D-B6D8-4787-BF7F-7F49CE22DEE4}.Debug|x64.ActiveCfg = Debug|Any CPU
		{1B21551D-B6D8-4787-BF7F-7F49CE22DEE4}.Debug|x64.Build.0 = Debug|Any CPU
		{1B21551D-B6D8-4787-BF7F-7F49CE22DEE4}.Debug|x86.ActiveCfg = Debug|Any CPU
		{1B21551D-B6D8-4787-BF7F-7F49CE22DEE4}.Debug|x86.Build.0 = Debug|Any CPU
		{1B21551D-B6D8-4787-BF7F-7F49CE22DEE4}.Release|Any CPU.ActiveCfg = Release|Any CPU
		{1B21551D-B6D8-4787-BF7F-7F49CE22DEE4}.Release|Any CPU.Build.0 = Release|Any CPU
		{1B21551D-B6D8-4787-BF7F-7F49CE22DEE4}.Release|x64.ActiveCfg = Release|Any CPU
		{1B21551D-B6D8-4787-BF7F-7F49CE22DEE4}.Release|x64.Build.0 = Release|Any CPU
		{1B21551D-B6D8-4787-BF7F-7F49CE22DEE4}.Release|x86.ActiveCfg = Release|Any CPU
		{1B21551D-B6D8-4787-BF7F-7F49CE22DEE4}.Release|x86.Build.0 = Release|Any CPU
		{E36E69FA-50F7-4335-A3A4-EB96F6E9EDFF}.Debug|Any CPU.ActiveCfg = Debug|Any CPU
		{E36E69FA-50F7-4335-A3A4-EB96F6E9EDFF}.Debug|Any CPU.Build.0 = Debug|Any CPU
		{E36E69FA-50F7-4335-A3A4-EB96F6E9EDFF}.Debug|x64.ActiveCfg = Debug|Any CPU
		{E36E69FA-50F7-4335-A3A4-EB96F6E9EDFF}.Debug|x64.Build.0 = Debug|Any CPU
		{E36E69FA-50F7-4335-A3A4-EB96F6E9EDFF}.Debug|x86.ActiveCfg = Debug|Any CPU
		{E36E69FA-50F7-4335-A3A4-EB96F6E9EDFF}.Debug|x86.Build.0 = Debug|Any CPU
		{E36E69FA-50F7-4335-A3A4-EB96F6E9EDFF}.Release|Any CPU.ActiveCfg = Release|Any CPU
		{E36E69FA-50F7-4335-A3A4-EB96F6E9EDFF}.Release|Any CPU.Build.0 = Release|Any CPU
		{E36E69FA-50F7-4335-A3A4-EB96F6E9EDFF}.Release|x64.ActiveCfg = Release|Any CPU
		{E36E69FA-50F7-4335-A3A4-EB96F6E9EDFF}.Release|x64.Build.0 = Release|Any CPU
		{E36E69FA-50F7-4335-A3A4-EB96F6E9EDFF}.Release|x86.ActiveCfg = Release|Any CPU
		{E36E69FA-50F7-4335-A3A4-EB96F6E9EDFF}.Release|x86.Build.0 = Release|Any CPU
	EndGlobalSection
EndGlobal
